
Microsoft Visual Studio Solution File, Format Version 12.00
# Visual Studio Version 16
VisualStudioVersion = 16.0.31613.86
MinimumVisualStudioVersion = 10.0.40219.1
Project("{FAE04EC0-301F-11D3-BF4B-00C04F79EFBC}") = "TestAutomation", "TestAutomation.csproj", "{BE210BEB-49D4-48FF-89AD-AA8029DD5004}"
EndProject
Global
	GlobalSection(SolutionConfigurationPlatforms) = preSolution
		Debug|Any CPU = Debug|Any CPU
		Release|Any CPU = Release|Any CPU
	EndGlobalSection
	GlobalSection(ProjectConfigurationPlatforms) = postSolution
		{BE210BEB-49D4-48FF-89AD-AA8029DD5004}.Debug|Any CPU.ActiveCfg = Debug|Any CPU
		{BE210BEB-49D4-48FF-89AD-AA8029DD5004}.Debug|Any CPU.Build.0 = Debug|Any CPU
		{BE210BEB-49D4-48FF-89AD-AA8029DD5004}.Release|Any CPU.ActiveCfg = Release|Any CPU
		{BE210BEB-49D4-48FF-89AD-AA8029DD5004}.Release|Any CPU.Build.0 = Release|Any CPU
	EndGlobalSection
	GlobalSection(SolutionProperties) = preSolution
		HideSolutionNode = FALSE
	EndGlobalSection
	GlobalSection(ExtensibilityGlobals) = postSolution
		SolutionGuid = {527F6C52-B985-415F-A2AF-C1888BF9D136}
	EndGlobalSection
EndGlobal
